
Microsoft Visual Studio Solution File, Format Version 12.00
# Visual Studio Version 17
VisualStudioVersion = 17.8.34525.116
MinimumVisualStudioVersion = 10.0.40219.1
Project("{FAE04EC0-301F-11D3-BF4B-00C04F79EFBC}") = "InspectorLibTest", "InspectorLibTest\InspectorLibTest.csproj", "{E8DDA213-50D7-48D0-9D7A-4A45EBC1A833}"
EndProject
Global
	GlobalSection(SolutionConfigurationPlatforms) = preSolution
		Debug|Any CPU = Debug|Any CPU
		Release|Any CPU = Release|Any CPU
	EndGlobalSection
	GlobalSection(ProjectConfigurationPlatforms) = postSolution
		{E8DDA213-50D7-48D0-9D7A-4A45EBC1A833}.Debug|Any CPU.ActiveCfg = Debug|Any CPU
		{E8DDA213-50D7-48D0-9D7A-4A45EBC1A833}.Debug|Any CPU.Build.0 = Debug|Any CPU
		{E8DDA213-50D7-48D0-9D7A-4A45EBC1A833}.Release|Any CPU.ActiveCfg = Release|Any CPU
		{E8DDA213-50D7-48D0-9D7A-4A45EBC1A833}.Release|Any CPU.Build.0 = Release|Any CPU
	EndGlobalSection
	GlobalSection(SolutionProperties) = preSolution
		HideSolutionNode = FALSE
	EndGlobalSection
	GlobalSection(ExtensibilityGlobals) = postSolution
		SolutionGuid = {D3BD33C1-8252-4209-B51F-7B9B129C22BB}
	EndGlobalSection
EndGlobal
